
Microsoft Visual Studio Solution File, Format Version 12.00
# Visual Studio Version 17
VisualStudioVersion = 17.1.32421.90
MinimumVisualStudioVersion = 10.0.40219.1
Project("{FAE04EC0-301F-11D3-BF4B-00C04F79EFBC}") = "DonutWorld.BlazorServerApp", "DonutWorld.BlazorServerApp\DonutWorld.BlazorServerApp.csproj", "{9988CA5C-A883-4758-A840-725B797F9AF4}"
EndProject
Global
	GlobalSection(SolutionConfigurationPlatforms) = preSolution
		Debug|Any CPU = Debug|Any CPU
		Release|Any CPU = Release|Any CPU
	EndGlobalSection
	GlobalSection(ProjectConfigurationPlatforms) = postSolution
		{9988CA5C-A883-4758-A840-725B797F9AF4}.Debug|Any CPU.ActiveCfg = Debug|Any CPU
		{9988CA5C-A883-4758-A840-725B797F9AF4}.Debug|Any CPU.Build.0 = Debug|Any CPU
		{9988CA5C-A883-4758-A840-725B797F9AF4}.Release|Any CPU.ActiveCfg = Release|Any CPU
		{9988CA5C-A883-4758-A840-725B797F9AF4}.Release|Any CPU.Build.0 = Release|Any CPU
	EndGlobalSection
	GlobalSection(SolutionProperties) = preSolution
		HideSolutionNode = FALSE
	EndGlobalSection
	GlobalSection(ExtensibilityGlobals) = postSolution
		SolutionGuid = {1B4268EA-0EB5-49D2-A316-0B0FFE066C87}
	EndGlobalSection
EndGlobal
